// !$*UTF8*$!
{
	archiveVersion = 1;
	classes = {
	};
	objectVersion = 50;
	objects = {

/* Begin PBXBuildFile section */
		968868F1269BA3F605C7CA6C /* Pods_App_Store_Layout.framework in Frameworks */ = {isa = PBXBuildFile; fileRef = 975740A4242C06B9AA7C0515 /* Pods_App_Store_Layout.framework */; };
		BD3768652213DA1300E5777D /* APIService.swift in Sources */ = {isa = PBXBuildFile; fileRef = BD3768642213DA1300E5777D /* APIService.swift */; };
		BD3D5086221903AC00323DD3 /* AppControllerCell.swift in Sources */ = {isa = PBXBuildFile; fileRef = BD3D5085221903AC00323DD3 /* AppControllerCell.swift */; };
		BD3D508D2219061D00323DD3 /* HorizontalCollectionView.swift in Sources */ = {isa = PBXBuildFile; fileRef = BD3D508C2219061D00323DD3 /* HorizontalCollectionView.swift */; };
		BDD2BA0422122398008EFCBF /* SearchResultsCell.swift in Sources */ = {isa = PBXBuildFile; fileRef = BDD2BA0322122398008EFCBF /* SearchResultsCell.swift */; };
		BDD2BA082212901D008EFCBF /* SearchResult.swift in Sources */ = {isa = PBXBuildFile; fileRef = BDD2BA072212901D008EFCBF /* SearchResult.swift */; };
		BDFD07AB220F3D2900EEC87D /* AppDelegate.swift in Sources */ = {isa = PBXBuildFile; fileRef = BDFD07AA220F3D2900EEC87D /* AppDelegate.swift */; };
		BDFD07B0220F3D2900EEC87D /* Main.storyboard in Resources */ = {isa = PBXBuildFile; fileRef = BDFD07AE220F3D2900EEC87D /* Main.storyboard */; };
		BDFD07B2220F3D2B00EEC87D /* Assets.xcassets in Resources */ = {isa = PBXBuildFile; fileRef = BDFD07B1220F3D2B00EEC87D /* Assets.xcassets */; };
		BDFD07B5220F3D2B00EEC87D /* LaunchScreen.storyboard in Resources */ = {isa = PBXBuildFile; fileRef = BDFD07B3220F3D2B00EEC87D /* LaunchScreen.storyboard */; };
		BDFD07BD220F3EC300EEC87D /* MainTabBarControllerViewController.swift in Sources */ = {isa = PBXBuildFile; fileRef = BDFD07BC220F3EC300EEC87D /* MainTabBarControllerViewController.swift */; };
		BDFD07BF220F410300EEC87D /* SearchViewController.swift in Sources */ = {isa = PBXBuildFile; fileRef = BDFD07BE220F410300EEC87D /* SearchViewController.swift */; };
		BDFD07C1220F42E200EEC87D /* TodayController.swift in Sources */ = {isa = PBXBuildFile; fileRef = BDFD07C0220F42E200EEC87D /* TodayController.swift */; };
		BDFD07C3220F45F200EEC87D /* AppsController.swift in Sources */ = {isa = PBXBuildFile; fileRef = BDFD07C2220F45F200EEC87D /* AppsController.swift */; };
/* End PBXBuildFile section */

/* Begin PBXFileReference section */
		27C3CFD6390E08191148665F /* Pods-App Store Layout.debug.xcconfig */ = {isa = PBXFileReference; includeInIndex = 1; lastKnownFileType = text.xcconfig; name = "Pods-App Store Layout.debug.xcconfig"; path = "Pods/Target Support Files/Pods-App Store Layout/Pods-App Store Layout.debug.xcconfig"; sourceTree = "<group>"; };
		975740A4242C06B9AA7C0515 /* Pods_App_Store_Layout.framework */ = {isa = PBXFileReference; explicitFileType = wrapper.framework; includeInIndex = 0; path = Pods_App_Store_Layout.framework; sourceTree = BUILT_PRODUCTS_DIR; };
		BD3768642213DA1300E5777D /* APIService.swift */ = {isa = PBXFileReference; lastKnownFileType = sourcecode.swift; path = APIService.swift; sourceTree = "<group>"; };
		BD3D5085221903AC00323DD3 /* AppControllerCell.swift */ = {isa = PBXFileReference; lastKnownFileType = sourcecode.swift; path = AppControllerCell.swift; sourceTree = "<group>"; };
		BD3D508C2219061D00323DD3 /* HorizontalCollectionView.swift */ = {isa = PBXFileReference; lastKnownFileType = sourcecode.swift; path = HorizontalCollectionView.swift; sourceTree = "<group>"; };
		BDD2BA0322122398008EFCBF /* SearchResultsCell.swift */ = {isa = PBXFileReference; lastKnownFileType = sourcecode.swift; path = SearchResultsCell.swift; sourceTree = "<group>"; };
		BDD2BA072212901D008EFCBF /* SearchResult.swift */ = {isa = PBXFileReference; lastKnownFileType = sourcecode.swift; path = SearchResult.swift; sourceTree = "<group>"; };
		BDFD07A7220F3D2900EEC87D /* App Store Layout.app */ = {isa = PBXFileReference; explicitFileType = wrapper.application; includeInIndex = 0; path = "App Store Layout.app"; sourceTree = BUILT_PRODUCTS_DIR; };
		BDFD07AA220F3D2900EEC87D /* AppDelegate.swift */ = {isa = PBXFileReference; lastKnownFileType = sourcecode.swift; path = AppDelegate.swift; sourceTree = "<group>"; };
		BDFD07AF220F3D2900EEC87D /* Base */ = {isa = PBXFileReference; lastKnownFileType = file.storyboard; name = Base; path = Base.lproj/Main.storyboard; sourceTree = "<group>"; };
		BDFD07B1220F3D2B00EEC87D /* Assets.xcassets */ = {isa = PBXFileReference; lastKnownFileType = folder.assetcatalog; path = Assets.xcassets; sourceTree = "<group>"; };
		BDFD07B4220F3D2B00EEC87D /* Base */ = {isa = PBXFileReference; lastKnownFileType = file.storyboard; name = Base; path = Base.lproj/LaunchScreen.storyboard; sourceTree = "<group>"; };
		BDFD07B6220F3D2B00EEC87D /* Info.plist */ = {isa = PBXFileReference; lastKnownFileType = text.plist.xml; path = Info.plist; sourceTree = "<group>"; };
		BDFD07BC220F3EC300EEC87D /* MainTabBarControllerViewController.swift */ = {isa = PBXFileReference; lastKnownFileType = sourcecode.swift; path = MainTabBarControllerViewController.swift; sourceTree = "<group>"; };
		BDFD07BE220F410300EEC87D /* SearchViewController.swift */ = {isa = PBXFileReference; lastKnownFileType = sourcecode.swift; path = SearchViewController.swift; sourceTree = "<group>"; };
		BDFD07C0220F42E200EEC87D /* TodayController.swift */ = {isa = PBXFileReference; lastKnownFileType = sourcecode.swift; path = TodayController.swift; sourceTree = "<group>"; };
		BDFD07C2220F45F200EEC87D /* AppsController.swift */ = {isa = PBXFileReference; lastKnownFileType = sourcecode.swift; path = AppsController.swift; sourceTree = "<group>"; };
		F70DC8F1E267FC28C35DF0B3 /* Pods-App Store Layout.release.xcconfig */ = {isa = PBXFileReference; includeInIndex = 1; lastKnownFileType = text.xcconfig; name = "Pods-App Store Layout.release.xcconfig"; path = "Pods/Target Support Files/Pods-App Store Layout/Pods-App Store Layout.release.xcconfig"; sourceTree = "<group>"; };
/* End PBXFileReference section */

/* Begin PBXFrameworksBuildPhase section */
		BDFD07A4220F3D2900EEC87D /* Frameworks */ = {
			isa = PBXFrameworksBuildPhase;
			buildActionMask = 2147483647;
			files = (
				968868F1269BA3F605C7CA6C /* Pods_App_Store_Layout.framework in Frameworks */,
			);
			runOnlyForDeploymentPostprocessing = 0;
		};
/* End PBXFrameworksBuildPhase section */

/* Begin PBXGroup section */
		924C466452EB30015AF97E23 /* Pods */ = {
			isa = PBXGroup;
			children = (
				27C3CFD6390E08191148665F /* Pods-App Store Layout.debug.xcconfig */,
				F70DC8F1E267FC28C35DF0B3 /* Pods-App Store Layout.release.xcconfig */,
			);
			name = Pods;
			sourceTree = "<group>";
		};
		BD3768632213D9FC00E5777D /* Network Layer */ = {
			isa = PBXGroup;
			children = (
				BD3768642213DA1300E5777D /* APIService.swift */,
			);
			path = "Network Layer";
			sourceTree = "<group>";
		};
		BD3D5089221905B600323DD3 /* Search */ = {
			isa = PBXGroup;
			children = (
				BDFD07BE220F410300EEC87D /* SearchViewController.swift */,
			);
			path = Search;
			sourceTree = "<group>";
		};
		BD3D508A221905C200323DD3 /* Apps */ = {
			isa = PBXGroup;
			children = (
				BDFD07C2220F45F200EEC87D /* AppsController.swift */,
				BD3D508C2219061D00323DD3 /* HorizontalCollectionView.swift */,
			);
			path = Apps;
			sourceTree = "<group>";
		};
		BDD2BA052212239C008EFCBF /* View */ = {
			isa = PBXGroup;
			children = (
				BD3D5085221903AC00323DD3 /* AppControllerCell.swift */,
				BDD2BA0322122398008EFCBF /* SearchResultsCell.swift */,
			);
			path = View;
			sourceTree = "<group>";
		};
		BDD2BA0622128FFD008EFCBF /* Model */ = {
			isa = PBXGroup;
			children = (
				BDD2BA072212901D008EFCBF /* SearchResult.swift */,
			);
			path = Model;
			sourceTree = "<group>";
		};
		BDFD079E220F3D2900EEC87D = {
			isa = PBXGroup;
			children = (
				BDFD07A9220F3D2900EEC87D /* App Store Layout */,
				BDFD07A8220F3D2900EEC87D /* Products */,
				924C466452EB30015AF97E23 /* Pods */,
				F935CF66B96A3081EF85533A /* Frameworks */,
			);
			sourceTree = "<group>";
		};
		BDFD07A8220F3D2900EEC87D /* Products */ = {
			isa = PBXGroup;
			children = (
				BDFD07A7220F3D2900EEC87D /* App Store Layout.app */,
			);
			name = Products;
			sourceTree = "<group>";
		};
		BDFD07A9220F3D2900EEC87D /* App Store Layout */ = {
			isa = PBXGroup;
			children = (
				BDFD07AA220F3D2900EEC87D /* AppDelegate.swift */,
				BD3768632213D9FC00E5777D /* Network Layer */,
				BDD2BA0622128FFD008EFCBF /* Model */,
				BDD2BA052212239C008EFCBF /* View */,
				BDFD07C4220F477100EEC87D /* Controller */,
				BDFD07AE220F3D2900EEC87D /* Main.storyboard */,
				BDFD07B1220F3D2B00EEC87D /* Assets.xcassets */,
				BDFD07B3220F3D2B00EEC87D /* LaunchScreen.storyboard */,
				BDFD07B6220F3D2B00EEC87D /* Info.plist */,
			);
			path = "App Store Layout";
			sourceTree = "<group>";
		};
		BDFD07C4220F477100EEC87D /* Controller */ = {
			isa = PBXGroup;
			children = (
				BD3D508A221905C200323DD3 /* Apps */,
				BD3D5089221905B600323DD3 /* Search */,
				BDFD07BC220F3EC300EEC87D /* MainTabBarControllerViewController.swift */,
				BDFD07C0220F42E200EEC87D /* TodayController.swift */,
			);
			path = Controller;
			sourceTree = "<group>";
		};
		F935CF66B96A3081EF85533A /* Frameworks */ = {
			isa = PBXGroup;
			children = (
				975740A4242C06B9AA7C0515 /* Pods_App_Store_Layout.framework */,
			);
			name = Frameworks;
			sourceTree = "<group>";
		};
/* End PBXGroup section */

/* Begin PBXNativeTarget section */
		BDFD07A6220F3D2900EEC87D /* App Store Layout */ = {
			isa = PBXNativeTarget;
			buildConfigurationList = BDFD07B9220F3D2B00EEC87D /* Build configuration list for PBXNativeTarget "App Store Layout" */;
			buildPhases = (
				4167913AC7747818A793817B /* [CP] Check Pods Manifest.lock */,
				BDFD07A3220F3D2900EEC87D /* Sources */,
				BDFD07A4220F3D2900EEC87D /* Frameworks */,
				BDFD07A5220F3D2900EEC87D /* Resources */,
				A4BC8078975C20E91B57E3A9 /* [CP] Embed Pods Frameworks */,
			);
			buildRules = (
			);
			dependencies = (
			);
			name = "App Store Layout";
			productName = "App Store Layout";
			productReference = BDFD07A7220F3D2900EEC87D /* App Store Layout.app */;
			productType = "com.apple.product-type.application";
		};
/* End PBXNativeTarget section */

/* Begin PBXProject section */
		BDFD079F220F3D2900EEC87D /* Project object */ = {
			isa = PBXProject;
			attributes = {
				LastSwiftUpdateCheck = 1010;
				LastUpgradeCheck = 1010;
				ORGANIZATIONNAME = "Viswa Kodela";
				TargetAttributes = {
					BDFD07A6220F3D2900EEC87D = {
						CreatedOnToolsVersion = 10.1;
					};
				};
			};
			buildConfigurationList = BDFD07A2220F3D2900EEC87D /* Build configuration list for PBXProject "App Store Layout" */;
			compatibilityVersion = "Xcode 9.3";
			developmentRegion = en;
			hasScannedForEncodings = 0;
			knownRegions = (
				en,
				Base,
			);
			mainGroup = BDFD079E220F3D2900EEC87D;
			productRefGroup = BDFD07A8220F3D2900EEC87D /* Products */;
			projectDirPath = "";
			projectRoot = "";
			targets = (
				BDFD07A6220F3D2900EEC87D /* App Store Layout */,
			);
		};
/* End PBXProject section */

/* Begin PBXResourcesBuildPhase section */
		BDFD07A5220F3D2900EEC87D /* Resources */ = {
			isa = PBXResourcesBuildPhase;
			buildActionMask = 2147483647;
			files = (
				BDFD07B5220F3D2B00EEC87D /* LaunchScreen.storyboard in Resources */,
				BDFD07B2220F3D2B00EEC87D /* Assets.xcassets in Resources */,
				BDFD07B0220F3D2900EEC87D /* Main.storyboard in Resources */,
			);
			runOnlyForDeploymentPostprocessing = 0;
		};
/* End PBXResourcesBuildPhase section */

/* Begin PBXShellScriptBuildPhase section */
		4167913AC7747818A793817B /* [CP] Check Pods Manifest.lock */ = {
			isa = PBXShellScriptBuildPhase;
			buildActionMask = 2147483647;
			files = (
			);
			inputPaths = (
				"${PODS_PODFILE_DIR_PATH}/Podfile.lock",
				"${PODS_ROOT}/Manifest.lock",
			);
			name = "[CP] Check Pods Manifest.lock";
			outputPaths = (
				"$(DERIVED_FILE_DIR)/Pods-App Store Layout-checkManifestLockResult.txt",
			);
			runOnlyForDeploymentPostprocessing = 0;
			shellPath = /bin/sh;
			shellScript = "diff \"${PODS_PODFILE_DIR_PATH}/Podfile.lock\" \"${PODS_ROOT}/Manifest.lock\" > /dev/null\nif [ $? != 0 ] ; then\n    # print error to STDERR\n    echo \"error: The sandbox is not in sync with the Podfile.lock. Run 'pod install' or update your CocoaPods installation.\" >&2\n    exit 1\nfi\n# This output is used by Xcode 'outputs' to avoid re-running this script phase.\necho \"SUCCESS\" > \"${SCRIPT_OUTPUT_FILE_0}\"\n";
			showEnvVarsInLog = 0;
		};
		A4BC8078975C20E91B57E3A9 /* [CP] Embed Pods Frameworks */ = {
			isa = PBXShellScriptBuildPhase;
			buildActionMask = 2147483647;
			files = (
			);
			inputPaths = (
				"${SRCROOT}/Pods/Target Support Files/Pods-App Store Layout/Pods-App Store Layout-frameworks.sh",
				"${BUILT_PRODUCTS_DIR}/SDWebImage/SDWebImage.framework",
			);
			name = "[CP] Embed Pods Frameworks";
			outputPaths = (
				"${TARGET_BUILD_DIR}/${FRAMEWORKS_FOLDER_PATH}/SDWebImage.framework",
			);
			runOnlyForDeploymentPostprocessing = 0;
			shellPath = /bin/sh;
			shellScript = "\"${SRCROOT}/Pods/Target Support Files/Pods-App Store Layout/Pods-App Store Layout-frameworks.sh\"\n";
			showEnvVarsInLog = 0;
		};
/* End PBXShellScriptBuildPhase section */

/* Begin PBXSourcesBuildPhase section */
		BDFD07A3220F3D2900EEC87D /* Sources */ = {
			isa = PBXSourcesBuildPhase;
			buildActionMask = 2147483647;
			files = (
				BDD2BA0422122398008EFCBF /* SearchResultsCell.swift in Sources */,
				BDD2BA082212901D008EFCBF /* SearchResult.swift in Sources */,
				BDFD07AB220F3D2900EEC87D /* AppDelegate.swift in Sources */,
				BDFD07BF220F410300EEC87D /* SearchViewController.swift in Sources */,
				BDFD07BD220F3EC300EEC87D /* MainTabBarControllerViewController.swift in Sources */,
				BDFD07C1220F42E200EEC87D /* TodayController.swift in Sources */,
				BD3D508D2219061D00323DD3 /* HorizontalCollectionView.swift in Sources */,
				BD3768652213DA1300E5777D /* APIService.swift in Sources */,
				BD3D5086221903AC00323DD3 /* AppControllerCell.swift in Sources */,
				BDFD07C3220F45F200EEC87D /* AppsController.swift in Sources */,
			);
			runOnlyForDeploymentPostprocessing = 0;
		};
/* End PBXSourcesBuildPhase section */

/* Begin PBXVariantGroup section */
		BDFD07AE220F3D2900EEC87D /* Main.storyboard */ = {
			isa = PBXVariantGroup;
			children = (
				BDFD07AF220F3D2900EEC87D /* Base */,
			);
			name = Main.storyboard;
			sourceTree = "<group>";
		};
		BDFD07B3220F3D2B00EEC87D /* LaunchScreen.storyboard */ = {
			isa = PBXVariantGroup;
			children = (
				BDFD07B4220F3D2B00EEC87D /* Base */,
			);
			name = LaunchScreen.storyboard;
			sourceTree = "<group>";
		};
/* End PBXVariantGroup section */

/* Begin XCBuildConfiguration section */
		BDFD07B7220F3D2B00EEC87D /* Debug */ = {
			isa = XCBuildConfiguration;
			buildSettings = {
				ALWAYS_SEARCH_USER_PATHS = NO;
				CLANG_ANALYZER_NONNULL = YES;
				CLANG_ANALYZER_NUMBER_OBJECT_CONVERSION = YES_AGGRESSIVE;
				CLANG_CXX_LANGUAGE_STANDARD = "gnu++14";
				CLANG_CXX_LIBRARY = "libc++";
				CLANG_ENABLE_MODULES = YES;
				CLANG_ENABLE_OBJC_ARC = YES;
				CLANG_ENABLE_OBJC_WEAK = YES;
				CLANG_WARN_BLOCK_CAPTURE_AUTORELEASING = YES;
				CLANG_WARN_BOOL_CONVERSION = YES;
				CLANG_WARN_COMMA = YES;
				CLANG_WARN_CONSTANT_CONVERSION = YES;
				CLANG_WARN_DEPRECATED_OBJC_IMPLEMENTATIONS = YES;
				CLANG_WARN_DIRECT_OBJC_ISA_USAGE = YES_ERROR;
				CLANG_WARN_DOCUMENTATION_COMMENTS = YES;
				CLANG_WARN_EMPTY_BODY = YES;
				CLANG_WARN_ENUM_CONVERSION = YES;
				CLANG_WARN_INFINITE_RECURSION = YES;
				CLANG_WARN_INT_CONVERSION = YES;
				CLANG_WARN_NON_LITERAL_NULL_CONVERSION = YES;
				CLANG_WARN_OBJC_IMPLICIT_RETAIN_SELF = YES;
				CLANG_WARN_OBJC_LITERAL_CONVERSION = YES;
				CLANG_WARN_OBJC_ROOT_CLASS = YES_ERROR;
				CLANG_WARN_RANGE_LOOP_ANALYSIS = YES;
				CLANG_WARN_STRICT_PROTOTYPES = YES;
				CLANG_WARN_SUSPICIOUS_MOVE = YES;
				CLANG_WARN_UNGUARDED_AVAILABILITY = YES_AGGRESSIVE;
				CLANG_WARN_UNREACHABLE_CODE = YES;
				CLANG_WARN__DUPLICATE_METHOD_MATCH = YES;
				CODE_SIGN_IDENTITY = "iPhone Developer";
				COPY_PHASE_STRIP = NO;
				DEBUG_INFORMATION_FORMAT = dwarf;
				ENABLE_STRICT_OBJC_MSGSEND = YES;
				ENABLE_TESTABILITY = YES;
				GCC_C_LANGUAGE_STANDARD = gnu11;
				GCC_DYNAMIC_NO_PIC = NO;
				GCC_NO_COMMON_BLOCKS = YES;
				GCC_OPTIMIZATION_LEVEL = 0;
				GCC_PREPROCESSOR_DEFINITIONS = (
					"DEBUG=1",
					"$(inherited)",
				);
				GCC_WARN_64_TO_32_BIT_CONVERSION = YES;
				GCC_WARN_ABOUT_RETURN_TYPE = YES_ERROR;
				GCC_WARN_UNDECLARED_SELECTOR = YES;
				GCC_WARN_UNINITIALIZED_AUTOS = YES_AGGRESSIVE;
				GCC_WARN_UNUSED_FUNCTION = YES;
				GCC_WARN_UNUSED_VARIABLE = YES;
				IPHONEOS_DEPLOYMENT_TARGET = 12.1;
				MTL_ENABLE_DEBUG_INFO = INCLUDE_SOURCE;
				MTL_FAST_MATH = YES;
				ONLY_ACTIVE_ARCH = YES;
				SDKROOT = iphoneos;
				SWIFT_ACTIVE_COMPILATION_CONDITIONS = DEBUG;
				SWIFT_OPTIMIZATION_LEVEL = "-Onone";
			};
			name = Debug;
		};
		BDFD07B8220F3D2B00EEC87D /* Release */ = {
			isa = XCBuildConfiguration;
			buildSettings = {
				ALWAYS_SEARCH_USER_PATHS = NO;
				CLANG_ANALYZER_NONNULL = YES;
				CLANG_ANALYZER_NUMBER_OBJECT_CONVERSION = YES_AGGRESSIVE;
				CLANG_CXX_LANGUAGE_STANDARD = "gnu++14";
				CLANG_CXX_LIBRARY = "libc++";
				CLANG_ENABLE_MODULES = YES;
				CLANG_ENABLE_OBJC_ARC = YES;
				CLANG_ENABLE_OBJC_WEAK = YES;
				CLANG_WARN_BLOCK_CAPTURE_AUTORELEASING = YES;
				CLANG_WARN_BOOL_CONVERSION = YES;
				CLANG_WARN_COMMA = YES;
				CLANG_WARN_CONSTANT_CONVERSION = YES;
				CLANG_WARN_DEPRECATED_OBJC_IMPLEMENTATIONS = YES;
				CLANG_WARN_DIRECT_OBJC_ISA_USAGE = YES_ERROR;
				CLANG_WARN_DOCUMENTATION_COMMENTS = YES;
				CLANG_WARN_EMPTY_BODY = YES;
				CLANG_WARN_ENUM_CONVERSION = YES;
				CLANG_WARN_INFINITE_RECURSION = YES;
				CLANG_WARN_INT_CONVERSION = YES;
				CLANG_WARN_NON_LITERAL_NULL_CONVERSION = YES;
				CLANG_WARN_OBJC_IMPLICIT_RETAIN_SELF = YES;
				CLANG_WARN_OBJC_LITERAL_CONVERSION = YES;
				CLANG_WARN_OBJC_ROOT_CLASS = YES_ERROR;
				CLANG_WARN_RANGE_LOOP_ANALYSIS = YES;
				CLANG_WARN_STRICT_PROTOTYPES = YES;
				CLANG_WARN_SUSPICIOUS_MOVE = YES;
				CLANG_WARN_UNGUARDED_AVAILABILITY = YES_AGGRESSIVE;
				CLANG_WARN_UNREACHABLE_CODE = YES;
				CLANG_WARN__DUPLICATE_METHOD_MATCH = YES;
				CODE_SIGN_IDENTITY = "iPhone Developer";
				COPY_PHASE_STRIP = NO;
				DEBUG_INFORMATION_FORMAT = "dwarf-with-dsym";
				ENABLE_NS_ASSERTIONS = NO;
				ENABLE_STRICT_OBJC_MSGSEND = YES;
				GCC_C_LANGUAGE_STANDARD = gnu11;
				GCC_NO_COMMON_BLOCKS = YES;
				GCC_WARN_64_TO_32_BIT_CONVERSION = YES;
				GCC_WARN_ABOUT_RETURN_TYPE = YES_ERROR;
				GCC_WARN_UNDECLARED_SELECTOR = YES;
				GCC_WARN_UNINITIALIZED_AUTOS = YES_AGGRESSIVE;
				GCC_WARN_UNUSED_FUNCTION = YES;
				GCC_WARN_UNUSED_VARIABLE = YES;
				IPHONEOS_DEPLOYMENT_TARGET = 12.1;
				MTL_ENABLE_DEBUG_INFO = NO;
				MTL_FAST_MATH = YES;
				SDKROOT = iphoneos;
				SWIFT_COMPILATION_MODE = wholemodule;
				SWIFT_OPTIMIZATION_LEVEL = "-O";
				VALIDATE_PRODUCT = YES;
			};
			name = Release;
		};
		BDFD07BA220F3D2B00EEC87D /* Debug */ = {
			isa = XCBuildConfiguration;
			baseConfigurationReference = 27C3CFD6390E08191148665F /* Pods-App Store Layout.debug.xcconfig */;
			buildSettings = {
				ASSETCATALOG_COMPILER_APPICON_NAME = AppIcon;
				CODE_SIGN_STYLE = Automatic;
				DEVELOPMENT_TEAM = SFNG7GVEK8;
				INFOPLIST_FILE = "App Store Layout/Info.plist";
				LD_RUNPATH_SEARCH_PATHS = (
					"$(inherited)",
					"@executable_path/Frameworks",
				);
				PRODUCT_BUNDLE_IDENTIFIER = "com.viswakodela.App-Store-Layout";
				PRODUCT_NAME = "$(TARGET_NAME)";
				SWIFT_VERSION = 4.2;
				TARGETED_DEVICE_FAMILY = "1,2";
			};
			name = Debug;
		};
		BDFD07BB220F3D2B00EEC87D /* Release */ = {
			isa = XCBuildConfiguration;
			baseConfigurationReference = F70DC8F1E267FC28C35DF0B3 /* Pods-App Store Layout.release.xcconfig */;
			buildSettings = {
				ASSETCATALOG_COMPILER_APPICON_NAME = AppIcon;
				CODE_SIGN_STYLE = Automatic;
				DEVELOPMENT_TEAM = SFNG7GVEK8;
				INFOPLIST_FILE = "App Store Layout/Info.plist";
				LD_RUNPATH_SEARCH_PATHS = (
					"$(inherited)",
					"@executable_path/Frameworks",
				);
				PRODUCT_BUNDLE_IDENTIFIER = "com.viswakodela.App-Store-Layout";
				PRODUCT_NAME = "$(TARGET_NAME)";
				SWIFT_VERSION = 4.2;
				TARGETED_DEVICE_FAMILY = "1,2";
			};
			name = Release;
		};
/* End XCBuildConfiguration section */

/* Begin XCConfigurationList section */
		BDFD07A2220F3D2900EEC87D /* Build configuration list for PBXProject "App Store Layout" */ = {
			isa = XCConfigurationList;
			buildConfigurations = (
				BDFD07B7220F3D2B00EEC87D /* Debug */,
				BDFD07B8220F3D2B00EEC87D /* Release */,
			);
			defaultConfigurationIsVisible = 0;
			defaultConfigurationName = Release;
		};
		BDFD07B9220F3D2B00EEC87D /* Build configuration list for PBXNativeTarget "App Store Layout" */ = {
			isa = XCConfigurationList;
			buildConfigurations = (
				BDFD07BA220F3D2B00EEC87D /* Debug */,
				BDFD07BB220F3D2B00EEC87D /* Release */,
			);
			defaultConfigurationIsVisible = 0;
			defaultConfigurationName = Release;
		};
/* End XCConfigurationList section */
	};
	rootObject = BDFD079F220F3D2900EEC87D /* Project object */;
}
